
Microsoft Visual Studio Solution File, Format Version 12.00
# Visual Studio Version 17
VisualStudioVersion = 17.0.32014.148
MinimumVisualStudioVersion = 10.0.40219.1
Project("{FAE04EC0-301F-11D3-BF4B-00C04F79EFBC}") = "CW-14", "CW-14\CW-14.csproj", "{B24BE9FF-13DC-4209-8B4A-194DA76BFCA0}"
EndProject
Project("{2150E333-8FDC-42A3-9474-1A3956D46DE8}") = "1-domain", "1-domain", "{A073637D-A2FC-4F15-BD34-53B8132F0017}"
EndProject
Project("{2150E333-8FDC-42A3-9474-1A3956D46DE8}") = "2-infrastructure", "2-infrastructure", "{B022AEB0-E2C7-4BD6-9905-9D9C32FB5C80}"
EndProject
Project("{2150E333-8FDC-42A3-9474-1A3956D46DE8}") = "3-endpoint", "3-endpoint", "{F09DFF60-BD08-4FB3-8057-8DD61A149A4D}"
EndProject
Project("{2150E333-8FDC-42A3-9474-1A3956D46DE8}") = "1-Core", "1-Core", "{D2BAAFD7-CFF9-469F-84D8-4837332626EF}"
EndProject
Project("{2150E333-8FDC-42A3-9474-1A3956D46DE8}") = "2-Services", "2-Services", "{181110F5-BC62-454F-A64C-CE2340F11FC6}"
EndProject
Project("{FAE04EC0-301F-11D3-BF4B-00C04F79EFBC}") = "DataStorage", "DataStorage\DataStorage.csproj", "{2F285D3D-DF93-4125-A6E5-2B52CC60229B}"
	ProjectSection(ProjectDependencies) = postProject
		{F35AA7C8-5F9C-4287-84CE-30B2B44CBA73} = {F35AA7C8-5F9C-4287-84CE-30B2B44CBA73}
	EndProjectSection
EndProject
Project("{FAE04EC0-301F-11D3-BF4B-00C04F79EFBC}") = "Repository", "Repository\Repository.csproj", "{74A30147-FFB2-449D-8223-EB81E36F2832}"
EndProject
Project("{FAE04EC0-301F-11D3-BF4B-00C04F79EFBC}") = "AppCore", "AppCore\AppCore.csproj", "{F35AA7C8-5F9C-4287-84CE-30B2B44CBA73}"
EndProject
Project("{FAE04EC0-301F-11D3-BF4B-00C04F79EFBC}") = "AppService", "AppService\AppService.csproj", "{14D6D275-654B-430F-AAAF-0A7D4A0F580A}"
EndProject
Global
	GlobalSection(SolutionConfigurationPlatforms) = preSolution
		Debug|Any CPU = Debug|Any CPU
		Release|Any CPU = Release|Any CPU
	EndGlobalSection
	GlobalSection(ProjectConfigurationPlatforms) = postSolution
		{B24BE9FF-13DC-4209-8B4A-194DA76BFCA0}.Debug|Any CPU.ActiveCfg = Debug|Any CPU
		{B24BE9FF-13DC-4209-8B4A-194DA76BFCA0}.Debug|Any CPU.Build.0 = Debug|Any CPU
		{B24BE9FF-13DC-4209-8B4A-194DA76BFCA0}.Release|Any CPU.ActiveCfg = Release|Any CPU
		{B24BE9FF-13DC-4209-8B4A-194DA76BFCA0}.Release|Any CPU.Build.0 = Release|Any CPU
		{2F285D3D-DF93-4125-A6E5-2B52CC60229B}.Debug|Any CPU.ActiveCfg = Debug|Any CPU
		{2F285D3D-DF93-4125-A6E5-2B52CC60229B}.Debug|Any CPU.Build.0 = Debug|Any CPU
		{2F285D3D-DF93-4125-A6E5-2B52CC60229B}.Release|Any CPU.ActiveCfg = Release|Any CPU
		{2F285D3D-DF93-4125-A6E5-2B52CC60229B}.Release|Any CPU.Build.0 = Release|Any CPU
		{74A30147-FFB2-449D-8223-EB81E36F2832}.Debug|Any CPU.ActiveCfg = Debug|Any CPU
		{74A30147-FFB2-449D-8223-EB81E36F2832}.Debug|Any CPU.Build.0 = Debug|Any CPU
		{74A30147-FFB2-449D-8223-EB81E36F2832}.Release|Any CPU.ActiveCfg = Release|Any CPU
		{74A30147-FFB2-449D-8223-EB81E36F2832}.Release|Any CPU.Build.0 = Release|Any CPU
		{F35AA7C8-5F9C-4287-84CE-30B2B44CBA73}.Debug|Any CPU.ActiveCfg = Debug|Any CPU
		{F35AA7C8-5F9C-4287-84CE-30B2B44CBA73}.Debug|Any CPU.Build.0 = Debug|Any CPU
		{F35AA7C8-5F9C-4287-84CE-30B2B44CBA73}.Release|Any CPU.ActiveCfg = Release|Any CPU
		{F35AA7C8-5F9C-4287-84CE-30B2B44CBA73}.Release|Any CPU.Build.0 = Release|Any CPU
		{14D6D275-654B-430F-AAAF-0A7D4A0F580A}.Debug|Any CPU.ActiveCfg = Debug|Any CPU
		{14D6D275-654B-430F-AAAF-0A7D4A0F580A}.Debug|Any CPU.Build.0 = Debug|Any CPU
		{14D6D275-654B-430F-AAAF-0A7D4A0F580A}.Release|Any CPU.ActiveCfg = Release|Any CPU
		{14D6D275-654B-430F-AAAF-0A7D4A0F580A}.Release|Any CPU.Build.0 = Release|Any CPU
	EndGlobalSection
	GlobalSection(SolutionProperties) = preSolution
		HideSolutionNode = FALSE
	EndGlobalSection
	GlobalSection(NestedProjects) = preSolution
		{B24BE9FF-13DC-4209-8B4A-194DA76BFCA0} = {F09DFF60-BD08-4FB3-8057-8DD61A149A4D}
		{D2BAAFD7-CFF9-469F-84D8-4837332626EF} = {A073637D-A2FC-4F15-BD34-53B8132F0017}
		{181110F5-BC62-454F-A64C-CE2340F11FC6} = {A073637D-A2FC-4F15-BD34-53B8132F0017}
		{2F285D3D-DF93-4125-A6E5-2B52CC60229B} = {B022AEB0-E2C7-4BD6-9905-9D9C32FB5C80}
		{74A30147-FFB2-449D-8223-EB81E36F2832} = {B022AEB0-E2C7-4BD6-9905-9D9C32FB5C80}
		{F35AA7C8-5F9C-4287-84CE-30B2B44CBA73} = {D2BAAFD7-CFF9-469F-84D8-4837332626EF}
		{14D6D275-654B-430F-AAAF-0A7D4A0F580A} = {181110F5-BC62-454F-A64C-CE2340F11FC6}
	EndGlobalSection
	GlobalSection(ExtensibilityGlobals) = postSolution
		SolutionGuid = {0613EA2D-60AE-49B6-B2CA-80A13FC72B54}
	EndGlobalSection
EndGlobal
